
Microsoft Visual Studio Solution File, Format Version 12.00
# Visual Studio Version 16
VisualStudioVersion = 16.0.30413.136
MinimumVisualStudioVersion = 10.0.40219.1
Project("{FAE04EC0-301F-11D3-BF4B-00C04F79EFBC}") = "HR", "HR\HR.csproj", "{973549B9-E177-4418-8267-3E65BCC1711C}"
EndProject
Global
	GlobalSection(SolutionConfigurationPlatforms) = preSolution
		Debug|Any CPU = Debug|Any CPU
		Release|Any CPU = Release|Any CPU
	EndGlobalSection
	GlobalSection(ProjectConfigurationPlatforms) = postSolution
		{973549B9-E177-4418-8267-3E65BCC1711C}.Debug|Any CPU.ActiveCfg = Debug|Any CPU
		{973549B9-E177-4418-8267-3E65BCC1711C}.Debug|Any CPU.Build.0 = Debug|Any CPU
		{973549B9-E177-4418-8267-3E65BCC1711C}.Release|Any CPU.ActiveCfg = Release|Any CPU
		{973549B9-E177-4418-8267-3E65BCC1711C}.Release|Any CPU.Build.0 = Release|Any CPU
	EndGlobalSection
	GlobalSection(SolutionProperties) = preSolution
		HideSolutionNode = FALSE
	EndGlobalSection
	GlobalSection(ExtensibilityGlobals) = postSolution
		SolutionGuid = {1A20ED55-F9D5-4395-A9C6-2692F94054B5}
	EndGlobalSection
EndGlobal
